# THIS IS AN AUTOGENERATED FILE. DO NOT EDIT THIS FILE DIRECTLY.
# yarn lockfile v1


prettier@2.2.1:
  version "2.2.1"
  resolved "https://registry.yarnpkg.com/prettier/-/prettier-2.2.1.tgz#795a1a78dd52f073da0cd42b21f9c91381923ff5"
  integrity sha512-PqyhM2yCjg/oKkFPtTGUojv7gnZAoG80ttl45O6x2Ug/rMJw4wcc9k6aaf2hibP7BGVCCM33gZoGjyvt9mm16Q==

uikit@^3.5.9:
  version "3.5.9"
  resolved "https://registry.yarnpkg.com/uikit/-/uikit-3.5.9.tgz#50e550f24c3d0fb411e82de0d004659a61fc53b4"
  integrity sha512-0197WceeBMlCLscsmds6zqL8K3TOtdUCvoHPJEuYqYY2gKa7JttlA6MiyzU0yBPzDlcawXF2TdOmQ/DWy6ZDEw==
